
Microsoft Visual Studio Solution File, Format Version 12.00
# Visual Studio Version 17
VisualStudioVersion = 17.9.34902.65
MinimumVisualStudioVersion = 10.0.40219.1
Project("{FAE04EC0-301F-11D3-BF4B-00C04F79EFBC}") = "ForTestMhat", "ForTestMhat\ForTestMhat.csproj", "{5BEC6EC0-1829-40A9-9263-371792F2A311}"
EndProject
Global
	GlobalSection(SolutionConfigurationPlatforms) = preSolution
		Debug|Any CPU = Debug|Any CPU
		Release|Any CPU = Release|Any CPU
	EndGlobalSection
	GlobalSection(ProjectConfigurationPlatforms) = postSolution
		{5BEC6EC0-1829-40A9-9263-371792F2A311}.Debug|Any CPU.ActiveCfg = Debug|Any CPU
		{5BEC6EC0-1829-40A9-9263-371792F2A311}.Debug|Any CPU.Build.0 = Debug|Any CPU
		{5BEC6EC0-1829-40A9-9263-371792F2A311}.Release|Any CPU.ActiveCfg = Release|Any CPU
		{5BEC6EC0-1829-40A9-9263-371792F2A311}.Release|Any CPU.Build.0 = Release|Any CPU
	EndGlobalSection
	GlobalSection(SolutionProperties) = preSolution
		HideSolutionNode = FALSE
	EndGlobalSection
	GlobalSection(ExtensibilityGlobals) = postSolution
		SolutionGuid = {DE2AB0D4-C94F-48F5-8835-E3805ACDF3C9}
	EndGlobalSection
EndGlobal
